
Microsoft Visual Studio Solution File, Format Version 12.00
# Visual Studio Version 18
VisualStudioVersion = 18.5.11605.296 insiders
MinimumVisualStudioVersion = 10.0.40219.1
Project("{FAE04EC0-301F-11D3-BF4B-00C04F79EFBC}") = "Shin.Web.Core", "Shin.Web.Core\Shin.Web.Core.csproj", "{28025548-99B0-4BD5-9257-38403C464E78}"
EndProject
Project("{FAE04EC0-301F-11D3-BF4B-00C04F79EFBC}") = "Shin.Web.Entry", "Shin.Web.Entry\Shin.Web.Entry.csproj", "{E304C64A-0449-441D-94AB-29B601712CFA}"
EndProject
Project("{2150E333-8FDC-42A3-9474-1A3956D46DE8}") = "00-插件", "00-插件", "{4CC5B1B8-86B3-685D-D06F-FD24CA45AF2A}"
EndProject
Project("{FAE04EC0-301F-11D3-BF4B-00C04F79EFBC}") = "Shin.Plugin.ApprovalFlow", "Plugins\Shin.Plugin.ApprovalFlow\Shin.Plugin.ApprovalFlow.csproj", "{E3BC2011-6276-4709-BBD0-AF3C1D0F008A}"
EndProject
Project("{FAE04EC0-301F-11D3-BF4B-00C04F79EFBC}") = "Shin.Plugin.DingTalk", "Plugins\Shin.Plugin.DingTalk\Shin.Plugin.DingTalk.csproj", "{708BE169-7A0E-4F1A-B1DE-DE458BF6B1C3}"
EndProject
Project("{FAE04EC0-301F-11D3-BF4B-00C04F79EFBC}") = "Shin.Plugin.GoView", "Plugins\Shin.Plugin.GoView\Shin.Plugin.GoView.csproj", "{65170AF5-78AE-4FF3-B00D-8C252509620A}"
EndProject
Project("{FAE04EC0-301F-11D3-BF4B-00C04F79EFBC}") = "Shin.Plugin.K3Cloud", "Plugins\Shin.Plugin.K3Cloud\Shin.Plugin.K3Cloud.csproj", "{AB8F0727-4E8C-4C08-A4F3-C38673922626}"
EndProject
Project("{FAE04EC0-301F-11D3-BF4B-00C04F79EFBC}") = "Shin.Plugin.ReZero", "Plugins\Shin.Plugin.ReZero\Shin.Plugin.ReZero.csproj", "{14B5C878-593C-4537-9130-FD37BB4F2D1B}"
EndProject
Project("{FAE04EC0-301F-11D3-BF4B-00C04F79EFBC}") = "Shin.Plugin.WorkWeixin", "Plugins\Shin.Plugin.WorkWeixin\Shin.Plugin.WorkWeixin.csproj", "{4FF92CBC-70CD-444E-948D-C76AF9DBDA55}"
EndProject
Project("{2150E333-8FDC-42A3-9474-1A3956D46DE8}") = "01-架构核心", "01-架构核心", "{A48022E1-0EDE-248F-0FE0-CFF7A5DB7145}"
EndProject
Project("{FAE04EC0-301F-11D3-BF4B-00C04F79EFBC}") = "Shin.Core", "Core\Shin.Core\Shin.Core.csproj", "{B990EEA1-2D67-7782-A4F2-DD858851A1B1}"
EndProject
Project("{2150E333-8FDC-42A3-9474-1A3956D46DE8}") = "02-应用服务", "02-应用服务", "{0FAEEBA1-6709-D288-6876-2057B14B133B}"
EndProject
Project("{2150E333-8FDC-42A3-9474-1A3956D46DE8}") = "00-Common", "00-Common", "{0109E47E-9CAF-AB0A-30C4-A2A2353E054C}"
EndProject
Project("{FAE04EC0-301F-11D3-BF4B-00C04F79EFBC}") = "Shin.Common", "Modules\Common\Shin.Common\Shin.Common.csproj", "{8196724F-5872-45D7-AAC1-795C801DD6DF}"
EndProject
Project("{2150E333-8FDC-42A3-9474-1A3956D46DE8}") = "99-DemoApplication", "99-DemoApplication", "{0E993BC7-5343-6024-4297-930FC24E3B20}"
EndProject
Project("{FAE04EC0-301F-11D3-BF4B-00C04F79EFBC}") = "Shin.Application.Entity", "Modules\DemoApplication\Shin.Application.Entity\Shin.Application.Entity.csproj", "{212D4024-2B16-49BD-B0D6-C50E97838B76}"
EndProject
Project("{FAE04EC0-301F-11D3-BF4B-00C04F79EFBC}") = "Shin.Application.Interface", "Modules\DemoApplication\Shin.Application.Interface\Shin.Application.Interface.csproj", "{64F6F81D-AA1D-4A80-84A2-22B26CB4FE72}"
EndProject
Project("{FAE04EC0-301F-11D3-BF4B-00C04F79EFBC}") = "Shin.Application", "Modules\DemoApplication\Shin.Application\Shin.Application.csproj", "{30F98482-10E8-4842-B7D5-BA08E623E2EF}"
EndProject
Project("{2150E333-8FDC-42A3-9474-1A3956D46DE8}") = "Solution Items", "Solution Items", "{089100B1-113F-4E66-888A-E83F3999EAFD}"
	ProjectSection(SolutionItems) = preProject
		.editorconfig = .editorconfig
	EndProjectSection
EndProject
Global
	GlobalSection(SolutionConfigurationPlatforms) = preSolution
		Debug|Any CPU = Debug|Any CPU
		Release|Any CPU = Release|Any CPU
	EndGlobalSection
	GlobalSection(ProjectConfigurationPlatforms) = postSolution
		{28025548-99B0-4BD5-9257-38403C464E78}.Debug|Any CPU.ActiveCfg = Debug|Any CPU
		{28025548-99B0-4BD5-9257-38403C464E78}.Debug|Any CPU.Build.0 = Debug|Any CPU
		{28025548-99B0-4BD5-9257-38403C464E78}.Release|Any CPU.ActiveCfg = Release|Any CPU
		{28025548-99B0-4BD5-9257-38403C464E78}.Release|Any CPU.Build.0 = Release|Any CPU
		{E304C64A-0449-441D-94AB-29B601712CFA}.Debug|Any CPU.ActiveCfg = Debug|Any CPU
		{E304C64A-0449-441D-94AB-29B601712CFA}.Debug|Any CPU.Build.0 = Debug|Any CPU
		{E304C64A-0449-441D-94AB-29B601712CFA}.Release|Any CPU.ActiveCfg = Release|Any CPU
		{E304C64A-0449-441D-94AB-29B601712CFA}.Release|Any CPU.Build.0 = Release|Any CPU
		{E3BC2011-6276-4709-BBD0-AF3C1D0F008A}.Debug|Any CPU.ActiveCfg = Debug|Any CPU
		{E3BC2011-6276-4709-BBD0-AF3C1D0F008A}.Debug|Any CPU.Build.0 = Debug|Any CPU
		{E3BC2011-6276-4709-BBD0-AF3C1D0F008A}.Release|Any CPU.ActiveCfg = Release|Any CPU
		{E3BC2011-6276-4709-BBD0-AF3C1D0F008A}.Release|Any CPU.Build.0 = Release|Any CPU
		{708BE169-7A0E-4F1A-B1DE-DE458BF6B1C3}.Debug|Any CPU.ActiveCfg = Debug|Any CPU
		{708BE169-7A0E-4F1A-B1DE-DE458BF6B1C3}.Debug|Any CPU.Build.0 = Debug|Any CPU
		{708BE169-7A0E-4F1A-B1DE-DE458BF6B1C3}.Release|Any CPU.ActiveCfg = Release|Any CPU
		{708BE169-7A0E-4F1A-B1DE-DE458BF6B1C3}.Release|Any CPU.Build.0 = Release|Any CPU
		{65170AF5-78AE-4FF3-B00D-8C252509620A}.Debug|Any CPU.ActiveCfg = Debug|Any CPU
		{65170AF5-78AE-4FF3-B00D-8C252509620A}.Debug|Any CPU.Build.0 = Debug|Any CPU
		{65170AF5-78AE-4FF3-B00D-8C252509620A}.Release|Any CPU.ActiveCfg = Release|Any CPU
		{65170AF5-78AE-4FF3-B00D-8C252509620A}.Release|Any CPU.Build.0 = Release|Any CPU
		{AB8F0727-4E8C-4C08-A4F3-C38673922626}.Debug|Any CPU.ActiveCfg = Debug|Any CPU
		{AB8F0727-4E8C-4C08-A4F3-C38673922626}.Debug|Any CPU.Build.0 = Debug|Any CPU
		{AB8F0727-4E8C-4C08-A4F3-C38673922626}.Release|Any CPU.ActiveCfg = Release|Any CPU
		{AB8F0727-4E8C-4C08-A4F3-C38673922626}.Release|Any CPU.Build.0 = Release|Any CPU
		{14B5C878-593C-4537-9130-FD37BB4F2D1B}.Debug|Any CPU.ActiveCfg = Debug|Any CPU
		{14B5C878-593C-4537-9130-FD37BB4F2D1B}.Debug|Any CPU.Build.0 = Debug|Any CPU
		{14B5C878-593C-4537-9130-FD37BB4F2D1B}.Release|Any CPU.ActiveCfg = Release|Any CPU
		{14B5C878-593C-4537-9130-FD37BB4F2D1B}.Release|Any CPU.Build.0 = Release|Any CPU
		{4FF92CBC-70CD-444E-948D-C76AF9DBDA55}.Debug|Any CPU.ActiveCfg = Debug|Any CPU
		{4FF92CBC-70CD-444E-948D-C76AF9DBDA55}.Debug|Any CPU.Build.0 = Debug|Any CPU
		{4FF92CBC-70CD-444E-948D-C76AF9DBDA55}.Release|Any CPU.ActiveCfg = Release|Any CPU
		{4FF92CBC-70CD-444E-948D-C76AF9DBDA55}.Release|Any CPU.Build.0 = Release|Any CPU
		{B990EEA1-2D67-7782-A4F2-DD858851A1B1}.Debug|Any CPU.ActiveCfg = Debug|Any CPU
		{B990EEA1-2D67-7782-A4F2-DD858851A1B1}.Debug|Any CPU.Build.0 = Debug|Any CPU
		{B990EEA1-2D67-7782-A4F2-DD858851A1B1}.Release|Any CPU.ActiveCfg = Release|Any CPU
		{B990EEA1-2D67-7782-A4F2-DD858851A1B1}.Release|Any CPU.Build.0 = Release|Any CPU
		{8196724F-5872-45D7-AAC1-795C801DD6DF}.Debug|Any CPU.ActiveCfg = Debug|Any CPU
		{8196724F-5872-45D7-AAC1-795C801DD6DF}.Debug|Any CPU.Build.0 = Debug|Any CPU
		{8196724F-5872-45D7-AAC1-795C801DD6DF}.Release|Any CPU.ActiveCfg = Release|Any CPU
		{8196724F-5872-45D7-AAC1-795C801DD6DF}.Release|Any CPU.Build.0 = Release|Any CPU
		{212D4024-2B16-49BD-B0D6-C50E97838B76}.Debug|Any CPU.ActiveCfg = Debug|Any CPU
		{212D4024-2B16-49BD-B0D6-C50E97838B76}.Debug|Any CPU.Build.0 = Debug|Any CPU
		{212D4024-2B16-49BD-B0D6-C50E97838B76}.Release|Any CPU.ActiveCfg = Release|Any CPU
		{212D4024-2B16-49BD-B0D6-C50E97838B76}.Release|Any CPU.Build.0 = Release|Any CPU
		{64F6F81D-AA1D-4A80-84A2-22B26CB4FE72}.Debug|Any CPU.ActiveCfg = Debug|Any CPU
		{64F6F81D-AA1D-4A80-84A2-22B26CB4FE72}.Debug|Any CPU.Build.0 = Debug|Any CPU
		{64F6F81D-AA1D-4A80-84A2-22B26CB4FE72}.Release|Any CPU.ActiveCfg = Release|Any CPU
		{64F6F81D-AA1D-4A80-84A2-22B26CB4FE72}.Release|Any CPU.Build.0 = Release|Any CPU
		{30F98482-10E8-4842-B7D5-BA08E623E2EF}.Debug|Any CPU.ActiveCfg = Debug|Any CPU
		{30F98482-10E8-4842-B7D5-BA08E623E2EF}.Debug|Any CPU.Build.0 = Debug|Any CPU
		{30F98482-10E8-4842-B7D5-BA08E623E2EF}.Release|Any CPU.ActiveCfg = Release|Any CPU
		{30F98482-10E8-4842-B7D5-BA08E623E2EF}.Release|Any CPU.Build.0 = Release|Any CPU
	EndGlobalSection
	GlobalSection(SolutionProperties) = preSolution
		HideSolutionNode = FALSE
	EndGlobalSection
	GlobalSection(NestedProjects) = preSolution
		{E3BC2011-6276-4709-BBD0-AF3C1D0F008A} = {4CC5B1B8-86B3-685D-D06F-FD24CA45AF2A}
		{708BE169-7A0E-4F1A-B1DE-DE458BF6B1C3} = {4CC5B1B8-86B3-685D-D06F-FD24CA45AF2A}
		{65170AF5-78AE-4FF3-B00D-8C252509620A} = {4CC5B1B8-86B3-685D-D06F-FD24CA45AF2A}
		{AB8F0727-4E8C-4C08-A4F3-C38673922626} = {4CC5B1B8-86B3-685D-D06F-FD24CA45AF2A}
		{14B5C878-593C-4537-9130-FD37BB4F2D1B} = {4CC5B1B8-86B3-685D-D06F-FD24CA45AF2A}
		{4FF92CBC-70CD-444E-948D-C76AF9DBDA55} = {4CC5B1B8-86B3-685D-D06F-FD24CA45AF2A}
		{B990EEA1-2D67-7782-A4F2-DD858851A1B1} = {A48022E1-0EDE-248F-0FE0-CFF7A5DB7145}
		{0109E47E-9CAF-AB0A-30C4-A2A2353E054C} = {0FAEEBA1-6709-D288-6876-2057B14B133B}
		{8196724F-5872-45D7-AAC1-795C801DD6DF} = {0109E47E-9CAF-AB0A-30C4-A2A2353E054C}
		{0E993BC7-5343-6024-4297-930FC24E3B20} = {0FAEEBA1-6709-D288-6876-2057B14B133B}
		{212D4024-2B16-49BD-B0D6-C50E97838B76} = {0E993BC7-5343-6024-4297-930FC24E3B20}
		{64F6F81D-AA1D-4A80-84A2-22B26CB4FE72} = {0E993BC7-5343-6024-4297-930FC24E3B20}
		{30F98482-10E8-4842-B7D5-BA08E623E2EF} = {0E993BC7-5343-6024-4297-930FC24E3B20}
	EndGlobalSection
EndGlobal
